// !$*UTF8*$!
{
	archiveVersion = 1;
	classes = {
	};
	objectVersion = 50;
	objects = {

/* Begin PBXBuildFile section */
		BF463C772624CBCA0091018A /* AppDelegate.swift in Sources */ = {isa = PBXBuildFile; fileRef = BF463C762624CBCA0091018A /* AppDelegate.swift */; };
		BF463C792624CBCA0091018A /* SceneDelegate.swift in Sources */ = {isa = PBXBuildFile; fileRef = BF463C782624CBCA0091018A /* SceneDelegate.swift */; };
		BF463C7B2624CBCA0091018A /* ViewController.swift in Sources */ = {isa = PBXBuildFile; fileRef = BF463C7A2624CBCA0091018A /* ViewController.swift */; };
		BF463C7E2624CBCA0091018A /* Main.storyboard in Resources */ = {isa = PBXBuildFile; fileRef = BF463C7C2624CBCA0091018A /* Main.storyboard */; };
		BF463C802624CBCA0091018A /* Assets.xcassets in Resources */ = {isa = PBXBuildFile; fileRef = BF463C7F2624CBCA0091018A /* Assets.xcassets */; };
		BF463C832624CBCA0091018A /* LaunchScreen.storyboard in Resources */ = {isa = PBXBuildFile; fileRef = BF463C812624CBCA0091018A /* LaunchScreen.storyboard */; };
		BF463C912624DF240091018A /* AboutViewController.swift in Sources */ = {isa = PBXBuildFile; fileRef = BF463C902624DF240091018A /* AboutViewController.swift */; };
		BF463C942624E0980091018A /* AddViewController.swift in Sources */ = {isa = PBXBuildFile; fileRef = BF463C932624E0980091018A /* AddViewController.swift */; };
/* End PBXBuildFile section */

/* Begin PBXFileReference section */
		BF463C732624CBCA0091018A /* Personal_Restaurant_Guide.app */ = {isa = PBXFileReference; explicitFileType = wrapper.application; includeInIndex = 0; path = Personal_Restaurant_Guide.app; sourceTree = BUILT_PRODUCTS_DIR; };
		BF463C762624CBCA0091018A /* AppDelegate.swift */ = {isa = PBXFileReference; lastKnownFileType = sourcecode.swift; path = AppDelegate.swift; sourceTree = "<group>"; };
		BF463C782624CBCA0091018A /* SceneDelegate.swift */ = {isa = PBXFileReference; lastKnownFileType = sourcecode.swift; path = SceneDelegate.swift; sourceTree = "<group>"; };
		BF463C7A2624CBCA0091018A /* ViewController.swift */ = {isa = PBXFileReference; lastKnownFileType = sourcecode.swift; path = ViewController.swift; sourceTree = "<group>"; };
		BF463C7D2624CBCA0091018A /* Base */ = {isa = PBXFileReference; lastKnownFileType = file.storyboard; name = Base; path = Base.lproj/Main.storyboard; sourceTree = "<group>"; };
		BF463C7F2624CBCA0091018A /* Assets.xcassets */ = {isa = PBXFileReference; lastKnownFileType = folder.assetcatalog; path = Assets.xcassets; sourceTree = "<group>"; };
		BF463C822624CBCA0091018A /* Base */ = {isa = PBXFileReference; lastKnownFileType = file.storyboard; name = Base; path = Base.lproj/LaunchScreen.storyboard; sourceTree = "<group>"; };
		BF463C842624CBCA0091018A /* Info.plist */ = {isa = PBXFileReference; lastKnownFileType = text.plist.xml; path = Info.plist; sourceTree = "<group>"; };
		BF463C902624DF240091018A /* AboutViewController.swift */ = {isa = PBXFileReference; lastKnownFileType = sourcecode.swift; path = AboutViewController.swift; sourceTree = "<group>"; };
		BF463C932624E0980091018A /* AddViewController.swift */ = {isa = PBXFileReference; lastKnownFileType = sourcecode.swift; path = AddViewController.swift; sourceTree = "<group>"; };
/* End PBXFileReference section */

/* Begin PBXFrameworksBuildPhase section */
		BF463C702624CBCA0091018A /* Frameworks */ = {
			isa = PBXFrameworksBuildPhase;
			buildActionMask = 2147483647;
			files = (
			);
			runOnlyForDeploymentPostprocessing = 0;
		};
/* End PBXFrameworksBuildPhase section */

/* Begin PBXGroup section */
		BF463C6A2624CBC90091018A = {
			isa = PBXGroup;
			children = (
				BF463C752624CBCA0091018A /* Personal_Restaurant_Guide */,
				BF463C742624CBCA0091018A /* Products */,
			);
			sourceTree = "<group>";
		};
		BF463C742624CBCA0091018A /* Products */ = {
			isa = PBXGroup;
			children = (
				BF463C732624CBCA0091018A /* Personal_Restaurant_Guide.app */,
			);
			name = Products;
			sourceTree = "<group>";
		};
		BF463C752624CBCA0091018A /* Personal_Restaurant_Guide */ = {
			isa = PBXGroup;
			children = (
				BF463C762624CBCA0091018A /* AppDelegate.swift */,
				BF463C782624CBCA0091018A /* SceneDelegate.swift */,
				BF463C7A2624CBCA0091018A /* ViewController.swift */,
				BF463C7C2624CBCA0091018A /* Main.storyboard */,
				BF463C7F2624CBCA0091018A /* Assets.xcassets */,
				BF463C812624CBCA0091018A /* LaunchScreen.storyboard */,
				BF463C842624CBCA0091018A /* Info.plist */,
				BF463C902624DF240091018A /* AboutViewController.swift */,
				BF463C932624E0980091018A /* AddViewController.swift */,
			);
			path = Personal_Restaurant_Guide;
			sourceTree = "<group>";
		};
/* End PBXGroup section */

/* Begin PBXNativeTarget section */
		BF463C722624CBCA0091018A /* Personal_Restaurant_Guide */ = {
			isa = PBXNativeTarget;
			buildConfigurationList = BF463C872624CBCA0091018A /* Build configuration list for PBXNativeTarget "Personal_Restaurant_Guide" */;
			buildPhases = (
				BF463C6F2624CBCA0091018A /* Sources */,
				BF463C702624CBCA0091018A /* Frameworks */,
				BF463C712624CBCA0091018A /* Resources */,
			);
			buildRules = (
			);
			dependencies = (
			);
			name = Personal_Restaurant_Guide;
			productName = Personal_Restaurant_Guide;
			productReference = BF463C732624CBCA0091018A /* Personal_Restaurant_Guide.app */;
			productType = "com.apple.product-type.application";
		};
/* End PBXNativeTarget section */

/* Begin PBXProject section */
		BF463C6B2624CBC90091018A /* Project object */ = {
			isa = PBXProject;
			attributes = {
				LastSwiftUpdateCheck = 1240;
				LastUpgradeCheck = 1240;
				TargetAttributes = {
					BF463C722624CBCA0091018A = {
						CreatedOnToolsVersion = 12.4;
					};
				};
			};
			buildConfigurationList = BF463C6E2624CBC90091018A /* Build configuration list for PBXProject "Personal_Restaurant_Guide" */;
			compatibilityVersion = "Xcode 9.3";
			developmentRegion = en;
			hasScannedForEncodings = 0;
			knownRegions = (
				en,
				Base,
			);
			mainGroup = BF463C6A2624CBC90091018A;
			productRefGroup = BF463C742624CBCA0091018A /* Products */;
			projectDirPath = "";
			projectRoot = "";
			targets = (
				BF463C722624CBCA0091018A /* Personal_Restaurant_Guide */,
			);
		};
/* End PBXProject section */

/* Begin PBXResourcesBuildPhase section */
		BF463C712624CBCA0091018A /* Resources */ = {
			isa = PBXResourcesBuildPhase;
			buildActionMask = 2147483647;
			files = (
				BF463C832624CBCA0091018A /* LaunchScreen.storyboard in Resources */,
				BF463C802624CBCA0091018A /* Assets.xcassets in Resources */,
				BF463C7E2624CBCA0091018A /* Main.storyboard in Resources */,
			);
			runOnlyForDeploymentPostprocessing = 0;
		};
/* End PBXResourcesBuildPhase section */

/* Begin PBXSourcesBuildPhase section */
		BF463C6F2624CBCA0091018A /* Sources */ = {
			isa = PBXSourcesBuildPhase;
			buildActionMask = 2147483647;
			files = (
				BF463C942624E0980091018A /* AddViewController.swift in Sources */,
				BF463C7B2624CBCA0091018A /* ViewController.swift in Sources */,
				BF463C772624CBCA0091018A /* AppDelegate.swift in Sources */,
				BF463C912624DF240091018A /* AboutViewController.swift in Sources */,
				BF463C792624CBCA0091018A /* SceneDelegate.swift in Sources */,
			);
			runOnlyForDeploymentPostprocessing = 0;
		};
/* End PBXSourcesBuildPhase section */

/* Begin PBXVariantGroup section */
		BF463C7C2624CBCA0091018A /* Main.storyboard */ = {
			isa = PBXVariantGroup;
			children = (
				BF463C7D2624CBCA0091018A /* Base */,
			);
			name = Main.storyboard;
			sourceTree = "<group>";
		};
		BF463C812624CBCA0091018A /* LaunchScreen.storyboard */ = {
			isa = PBXVariantGroup;
			children = (
				BF463C822624CBCA0091018A /* Base */,
			);
			name = LaunchScreen.storyboard;
			sourceTree = "<group>";
		};
/* End PBXVariantGroup section */

/* Begin XCBuildConfiguration section */
		BF463C852624CBCA0091018A /* Debug */ = {
			isa = XCBuildConfiguration;
			buildSettings = {
				ALWAYS_SEARCH_USER_PATHS = NO;
				CLANG_ANALYZER_NONNULL = YES;
				CLANG_ANALYZER_NUMBER_OBJECT_CONVERSION = YES_AGGRESSIVE;
				CLANG_CXX_LANGUAGE_STANDARD = "gnu++14";
				CLANG_CXX_LIBRARY = "libc++";
				CLANG_ENABLE_MODULES = YES;
				CLANG_ENABLE_OBJC_ARC = YES;
				CLANG_ENABLE_OBJC_WEAK = YES;
				CLANG_WARN_BLOCK_CAPTURE_AUTORELEASING = YES;
				CLANG_WARN_BOOL_CONVERSION = YES;
				CLANG_WARN_COMMA = YES;
				CLANG_WARN_CONSTANT_CONVERSION = YES;
				CLANG_WARN_DEPRECATED_OBJC_IMPLEMENTATIONS = YES;
				CLANG_WARN_DIRECT_OBJC_ISA_USAGE = YES_ERROR;
				CLANG_WARN_DOCUMENTATION_COMMENTS = YES;
				CLANG_WARN_EMPTY_BODY = YES;
				CLANG_WARN_ENUM_CONVERSION = YES;
				CLANG_WARN_INFINITE_RECURSION = YES;
				CLANG_WARN_INT_CONVERSION = YES;
				CLANG_WARN_NON_LITERAL_NULL_CONVERSION = YES;
				CLANG_WARN_OBJC_IMPLICIT_RETAIN_SELF = YES;
				CLANG_WARN_OBJC_LITERAL_CONVERSION = YES;
				CLANG_WARN_OBJC_ROOT_CLASS = YES_ERROR;
				CLANG_WARN_QUOTED_INCLUDE_IN_FRAMEWORK_HEADER = YES;
				CLANG_WARN_RANGE_LOOP_ANALYSIS = YES;
				CLANG_WARN_STRICT_PROTOTYPES = YES;
				CLANG_WARN_SUSPICIOUS_MOVE = YES;
				CLANG_WARN_UNGUARDED_AVAILABILITY = YES_AGGRESSIVE;
				CLANG_WARN_UNREACHABLE_CODE = YES;
				CLANG_WARN__DUPLICATE_METHOD_MATCH = YES;
				COPY_PHASE_STRIP = NO;
				DEBUG_INFORMATION_FORMAT = dwarf;
				ENABLE_STRICT_OBJC_MSGSEND = YES;
				ENABLE_TESTABILITY = YES;
				GCC_C_LANGUAGE_STANDARD = gnu11;
				GCC_DYNAMIC_NO_PIC = NO;
				GCC_NO_COMMON_BLOCKS = YES;
				GCC_OPTIMIZATION_LEVEL = 0;
				GCC_PREPROCESSOR_DEFINITIONS = (
					"DEBUG=1",
					"$(inherited)",
				);
				GCC_WARN_64_TO_32_BIT_CONVERSION = YES;
				GCC_WARN_ABOUT_RETURN_TYPE = YES_ERROR;
				GCC_WARN_UNDECLARED_SELECTOR = YES;
				GCC_WARN_UNINITIALIZED_AUTOS = YES_AGGRESSIVE;
				GCC_WARN_UNUSED_FUNCTION = YES;
				GCC_WARN_UNUSED_VARIABLE = YES;
				IPHONEOS_DEPLOYMENT_TARGET = 14.4;
				MTL_ENABLE_DEBUG_INFO = INCLUDE_SOURCE;
				MTL_FAST_MATH = YES;
				ONLY_ACTIVE_ARCH = YES;
				SDKROOT = iphoneos;
				SWIFT_ACTIVE_COMPILATION_CONDITIONS = DEBUG;
				SWIFT_OPTIMIZATION_LEVEL = "-Onone";
			};
			name = Debug;
		};
		BF463C862624CBCA0091018A /* Release */ = {
			isa = XCBuildConfiguration;
			buildSettings = {
				ALWAYS_SEARCH_USER_PATHS = NO;
				CLANG_ANALYZER_NONNULL = YES;
				CLANG_ANALYZER_NUMBER_OBJECT_CONVERSION = YES_AGGRESSIVE;
				CLANG_CXX_LANGUAGE_STANDARD = "gnu++14";
				CLANG_CXX_LIBRARY = "libc++";
				CLANG_ENABLE_MODULES = YES;
				CLANG_ENABLE_OBJC_ARC = YES;
				CLANG_ENABLE_OBJC_WEAK = YES;
				CLANG_WARN_BLOCK_CAPTURE_AUTORELEASING = YES;
				CLANG_WARN_BOOL_CONVERSION = YES;
				CLANG_WARN_COMMA = YES;
				CLANG_WARN_CONSTANT_CONVERSION = YES;
				CLANG_WARN_DEPRECATED_OBJC_IMPLEMENTATIONS = YES;
				CLANG_WARN_DIRECT_OBJC_ISA_USAGE = YES_ERROR;
				CLANG_WARN_DOCUMENTATION_COMMENTS = YES;
				CLANG_WARN_EMPTY_BODY = YES;
				CLANG_WARN_ENUM_CONVERSION = YES;
				CLANG_WARN_INFINITE_RECURSION = YES;
				CLANG_WARN_INT_CONVERSION = YES;
				CLANG_WARN_NON_LITERAL_NULL_CONVERSION = YES;
				CLANG_WARN_OBJC_IMPLICIT_RETAIN_SELF = YES;
				CLANG_WARN_OBJC_LITERAL_CONVERSION = YES;
				CLANG_WARN_OBJC_ROOT_CLASS = YES_ERROR;
				CLANG_WARN_QUOTED_INCLUDE_IN_FRAMEWORK_HEADER = YES;
				CLANG_WARN_RANGE_LOOP_ANALYSIS = YES;
				CLANG_WARN_STRICT_PROTOTYPES = YES;
				CLANG_WARN_SUSPICIOUS_MOVE = YES;
				CLANG_WARN_UNGUARDED_AVAILABILITY = YES_AGGRESSIVE;
				CLANG_WARN_UNREACHABLE_CODE = YES;
				CLANG_WARN__DUPLICATE_METHOD_MATCH = YES;
				COPY_PHASE_STRIP = NO;
				DEBUG_INFORMATION_FORMAT = "dwarf-with-dsym";
				ENABLE_NS_ASSERTIONS = NO;
				ENABLE_STRICT_OBJC_MSGSEND = YES;
				GCC_C_LANGUAGE_STANDARD = gnu11;
				GCC_NO_COMMON_BLOCKS = YES;
				GCC_WARN_64_TO_32_BIT_CONVERSION = YES;
				GCC_WARN_ABOUT_RETURN_TYPE = YES_ERROR;
				GCC_WARN_UNDECLARED_SELECTOR = YES;
				GCC_WARN_UNINITIALIZED_AUTOS = YES_AGGRESSIVE;
				GCC_WARN_UNUSED_FUNCTION = YES;
				GCC_WARN_UNUSED_VARIABLE = YES;
				IPHONEOS_DEPLOYMENT_TARGET = 14.4;
				MTL_ENABLE_DEBUG_INFO = NO;
				MTL_FAST_MATH = YES;
				SDKROOT = iphoneos;
				SWIFT_COMPILATION_MODE = wholemodule;
				SWIFT_OPTIMIZATION_LEVEL = "-O";
				VALIDATE_PRODUCT = YES;
			};
			name = Release;
		};
		BF463C882624CBCA0091018A /* Debug */ = {
			isa = XCBuildConfiguration;
			buildSettings = {
				ASSETCATALOG_COMPILER_APPICON_NAME = AppIcon;
				ASSETCATALOG_COMPILER_GLOBAL_ACCENT_COLOR_NAME = AccentColor;
				CODE_SIGN_STYLE = Automatic;
				DEVELOPMENT_TEAM = X874FTT496;
				INFOPLIST_FILE = Personal_Restaurant_Guide/Info.plist;
				LD_RUNPATH_SEARCH_PATHS = (
					"$(inherited)",
					"@executable_path/Frameworks",
				);
				PRODUCT_BUNDLE_IDENTIFIER = "com.rocha.Personal-Restaurant-Guide";
				PRODUCT_NAME = "$(TARGET_NAME)";
				SWIFT_VERSION = 5.0;
				TARGETED_DEVICE_FAMILY = "1,2";
			};
			name = Debug;
		};
		BF463C892624CBCA0091018A /* Release */ = {
			isa = XCBuildConfiguration;
			buildSettings = {
				ASSETCATALOG_COMPILER_APPICON_NAME = AppIcon;
				ASSETCATALOG_COMPILER_GLOBAL_ACCENT_COLOR_NAME = AccentColor;
				CODE_SIGN_STYLE = Automatic;
				DEVELOPMENT_TEAM = X874FTT496;
				INFOPLIST_FILE = Personal_Restaurant_Guide/Info.plist;
				LD_RUNPATH_SEARCH_PATHS = (
					"$(inherited)",
					"@executable_path/Frameworks",
				);
				PRODUCT_BUNDLE_IDENTIFIER = "com.rocha.Personal-Restaurant-Guide";
				PRODUCT_NAME = "$(TARGET_NAME)";
				SWIFT_VERSION = 5.0;
				TARGETED_DEVICE_FAMILY = "1,2";
			};
			name = Release;
		};
/* End XCBuildConfiguration section */

/* Begin XCConfigurationList section */
		BF463C6E2624CBC90091018A /* Build configuration list for PBXProject "Personal_Restaurant_Guide" */ = {
			isa = XCConfigurationList;
			buildConfigurations = (
				BF463C852624CBCA0091018A /* Debug */,
				BF463C862624CBCA0091018A /* Release */,
			);
			defaultConfigurationIsVisible = 0;
			defaultConfigurationName = Release;
		};
		BF463C872624CBCA0091018A /* Build configuration list for PBXNativeTarget "Personal_Restaurant_Guide" */ = {
			isa = XCConfigurationList;
			buildConfigurations = (
				BF463C882624CBCA0091018A /* Debug */,
				BF463C892624CBCA0091018A /* Release */,
			);
			defaultConfigurationIsVisible = 0;
			defaultConfigurationName = Release;
		};
/* End XCConfigurationList section */
	};
	rootObject = BF463C6B2624CBC90091018A /* Project object */;
}
